[root]
name = "mongodb"
version = "0.1.0"
dependencies = [
 "bson 0.1.2 (git+https://github.com/kyeah/bson-rs)",
 "byteorder 0.3.10 (registry+https://github.com/rust-lang/crates.io-index)",
 "nalgebra 0.2.18 (registry+https://github.com/rust-lang/crates.io-index)",
 "rustc-serialize 0.3.15 (registry+https://github.com/rust-lang/crates.io-index)",
]

[[package]]
name = "bson"
version = "0.1.2"
source = "git+https://github.com/kyeah/bson-rs#216b90600477dd6ccc8c6743fd3786f214a335f9"
dependencies = [
 "byteorder 0.3.10 (registry+https://github.com/rust-lang/crates.io-index)",
 "chrono 0.2.14 (registry+https://github.com/rust-lang/crates.io-index)",
 "rustc-serialize 0.3.15 (registry+https://github.com/rust-lang/crates.io-index)",
]

[[package]]
name = "byteorder"
version = "0.3.10"
source = "registry+https://github.com/rust-lang/crates.io-index"

[[package]]
name = "chrono"
version = "0.2.14"
source = "registry+https://github.com/rust-lang/crates.io-index"
dependencies = [
 "num 0.1.25 (registry+https://github.com/rust-lang/crates.io-index)",
 "time 0.1.26 (registry+https://github.com/rust-lang/crates.io-index)",
]

[[package]]
name = "gcc"
version = "0.3.8"
source = "registry+https://github.com/rust-lang/crates.io-index"

[[package]]
name = "libc"
version = "0.1.8"
source = "registry+https://github.com/rust-lang/crates.io-index"

[[package]]
name = "nalgebra"
version = "0.2.18"
source = "registry+https://github.com/rust-lang/crates.io-index"
dependencies = [
 "num 0.1.25 (registry+https://github.com/rust-lang/crates.io-index)",
 "rand 0.3.8 (registry+https://github.com/rust-lang/crates.io-index)",
 "rustc-serialize 0.3.15 (registry+https://github.com/rust-lang/crates.io-index)",
]

[[package]]
name = "num"
version = "0.1.25"
source = "registry+https://github.com/rust-lang/crates.io-index"
dependencies = [
 "rand 0.3.8 (registry+https://github.com/rust-lang/crates.io-index)",
 "rustc-serialize 0.3.15 (registry+https://github.com/rust-lang/crates.io-index)",
]

[[package]]
name = "rand"
version = "0.3.8"
source = "registry+https://github.com/rust-lang/crates.io-index"
dependencies = [
 "libc 0.1.8 (registry+https://github.com/rust-lang/crates.io-index)",
]

[[package]]
name = "rustc-serialize"
version = "0.3.15"
source = "registry+https://github.com/rust-lang/crates.io-index"

[[package]]
name = "time"
version = "0.1.26"
source = "registry+https://github.com/rust-lang/crates.io-index"
dependencies = [
 "gcc 0.3.8 (registry+https://github.com/rust-lang/crates.io-index)",
 "libc 0.1.8 (registry+https://github.com/rust-lang/crates.io-index)",
]

